PODS:
  - AppsFlyerFramework (6.12.1):
    - AppsFlyerFramework/Main (= 6.12.1)
  - AppsFlyerFramework/Main (6.12.1)
  - Rudder (2.4.1)
  - RudderAppsFlyer (1.1.0):
    - AppsFlyerFramework (= 6.12.1)
    - Rudder (~> 2.0)

DEPENDENCIES:
  - AppsFlyerFramework
  - Rudder
  - RudderAppsFlyer (from `.`)

SPEC REPOS:
  https://github.com/CocoaPods/Specs.git:
    - AppsFlyerFramework
    - Rudder

EXTERNAL SOURCES:
  RudderAppsFlyer:
    :path: "."

SPEC CHECKSUMS:
  AppsFlyerFramework: e29b63fc5441400a38a31c5501c1da500b9d53d0
  Rudder: 610bf4deaf3e4dac4fe9abf22fa9dc1b445dc476
  RudderAppsFlyer: 48681497e80a2f1f03f5465fc32a257cfeb11f75

PODFILE CHECKSUM: 2147a7b1a847ee4029db846e85d4806551834ad3

COCOAPODS: 1.12.1
