{
  "object": {
    "pins": [
      {
        "package": "AppsFlyerLib",
        "repositoryURL": "https://github.com/AppsFlyerSDK/AppsFlyerFramework-Static",
        "state": {
          "branch": null,
          "revision": "9388e8ccb6174a1be2f04afe3652d4ce0f561fa1",
          "version": "6.14.5"
        }
      },
      {
        "package": "Rudder",
        "repositoryURL": "https://github.com/rudderlabs/rudder-sdk-ios",
        "state": {
          "branch": null,
          "revision": "22575f73141aa4192582ee2ade9ae70ee29a6faa",
          "version": "2.4.3"
        }
      }
    ]
  },
  "version": 1
}
